
Microsoft Visual Studio Solution File, Format Version 12.00
# Visual Studio 2012
Project("{FAE04EC0-301F-11D3-BF4B-00C04F79EFBC}") = "TidyNetPortable", "TidyNetPortable.csproj", "{BB81593F-52BC-4EA0-AB07-F5722F913BE4}"
EndProject
Global
	GlobalSection(SolutionConfigurationPlatforms) = preSolution
		Debug|Any CPU = Debug|Any CPU
		Release|Any CPU = Release|Any CPU
	EndGlobalSection
	GlobalSection(ProjectConfigurationPlatforms) = postSolution
		{BB81593F-52BC-4EA0-AB07-F5722F913BE4}.Debug|Any CPU.ActiveCfg = Debug|Any CPU
		{BB81593F-52BC-4EA0-AB07-F5722F913BE4}.Debug|Any CPU.Build.0 = Debug|Any CPU
		{BB81593F-52BC-4EA0-AB07-F5722F913BE4}.Release|Any CPU.ActiveCfg = Release|Any CPU
		{BB81593F-52BC-4EA0-AB07-F5722F913BE4}.Release|Any CPU.Build.0 = Release|Any CPU
	EndGlobalSection
	GlobalSection(SolutionProperties) = preSolution
		HideSolutionNode = FALSE
	EndGlobalSection
EndGlobal
